
Microsoft Visual Studio Solution File, Format Version 12.00
# Visual Studio Version 17
VisualStudioVersion = 17.13.35919.96
MinimumVisualStudioVersion = 10.0.40219.1
Project("{FAE04EC0-301F-11D3-BF4B-00C04F79EFBC}") = "MyMvcApp.Domain", "MyMvcApp.Domain\MyMvcApp.Domain.csproj", "{FA4F39ED-1AD8-4AD8-B2E0-E6FA12A5D06C}"
EndProject
Project("{FAE04EC0-301F-11D3-BF4B-00C04F79EFBC}") = "MyMvcApp.Application", "MyMvcApp.Application\MyMvcApp.Application.csproj", "{3D7A963E-57E3-4A86-B7B1-71E2363C83E7}"
EndProject
Project("{FAE04EC0-301F-11D3-BF4B-00C04F79EFBC}") = "MyMvcApp.Infrastructure", "MyMvcApp.Infrastructure\MyMvcApp.Infrastructure.csproj", "{A5D056F9-7D79-43F2-96E2-1B1B2FEF65B6}"
EndProject
Project("{FAE04EC0-301F-11D3-BF4B-00C04F79EFBC}") = "MyMvcApp.Presentation", "MyMvcApp.Presentation\MyMvcApp.Presentation.csproj", "{49FCEC07-7A36-4366-9FDF-41844F7C8E59}"
EndProject
Project("{FAE04EC0-301F-11D3-BF4B-00C04F79EFBC}") = "MyMvcApp.Application.Tests", "MyMvcApp.Application.Tests\MyMvcApp.Application.Tests.csproj", "{C992D96C-F0CF-44D0-B98A-5DC57065F1D3}"
	ProjectSection(ProjectDependencies) = postProject
		{3D7A963E-57E3-4A86-B7B1-71E2363C83E7} = {3D7A963E-57E3-4A86-B7B1-71E2363C83E7}
		{A5D056F9-7D79-43F2-96E2-1B1B2FEF65B6} = {A5D056F9-7D79-43F2-96E2-1B1B2FEF65B6}
		{FA4F39ED-1AD8-4AD8-B2E0-E6FA12A5D06C} = {FA4F39ED-1AD8-4AD8-B2E0-E6FA12A5D06C}
	EndProjectSection
EndProject
Global
	GlobalSection(SolutionConfigurationPlatforms) = preSolution
		Debug|Any CPU = Debug|Any CPU
		Release|Any CPU = Release|Any CPU
	EndGlobalSection
	GlobalSection(ProjectConfigurationPlatforms) = postSolution
		{FA4F39ED-1AD8-4AD8-B2E0-E6FA12A5D06C}.Debug|Any CPU.ActiveCfg = Debug|Any CPU
		{FA4F39ED-1AD8-4AD8-B2E0-E6FA12A5D06C}.Debug|Any CPU.Build.0 = Debug|Any CPU
		{FA4F39ED-1AD8-4AD8-B2E0-E6FA12A5D06C}.Release|Any CPU.ActiveCfg = Release|Any CPU
		{FA4F39ED-1AD8-4AD8-B2E0-E6FA12A5D06C}.Release|Any CPU.Build.0 = Release|Any CPU
		{3D7A963E-57E3-4A86-B7B1-71E2363C83E7}.Debug|Any CPU.ActiveCfg = Debug|Any CPU
		{3D7A963E-57E3-4A86-B7B1-71E2363C83E7}.Debug|Any CPU.Build.0 = Debug|Any CPU
		{3D7A963E-57E3-4A86-B7B1-71E2363C83E7}.Release|Any CPU.ActiveCfg = Release|Any CPU
		{3D7A963E-57E3-4A86-B7B1-71E2363C83E7}.Release|Any CPU.Build.0 = Release|Any CPU
		{A5D056F9-7D79-43F2-96E2-1B1B2FEF65B6}.Debug|Any CPU.ActiveCfg = Debug|Any CPU
		{A5D056F9-7D79-43F2-96E2-1B1B2FEF65B6}.Debug|Any CPU.Build.0 = Debug|Any CPU
		{A5D056F9-7D79-43F2-96E2-1B1B2FEF65B6}.Release|Any CPU.ActiveCfg = Release|Any CPU
		{A5D056F9-7D79-43F2-96E2-1B1B2FEF65B6}.Release|Any CPU.Build.0 = Release|Any CPU
		{49FCEC07-7A36-4366-9FDF-41844F7C8E59}.Debug|Any CPU.ActiveCfg = Debug|Any CPU
		{49FCEC07-7A36-4366-9FDF-41844F7C8E59}.Debug|Any CPU.Build.0 = Debug|Any CPU
		{49FCEC07-7A36-4366-9FDF-41844F7C8E59}.Release|Any CPU.ActiveCfg = Release|Any CPU
		{49FCEC07-7A36-4366-9FDF-41844F7C8E59}.Release|Any CPU.Build.0 = Release|Any CPU
		{C992D96C-F0CF-44D0-B98A-5DC57065F1D3}.Debug|Any CPU.ActiveCfg = Debug|Any CPU
		{C992D96C-F0CF-44D0-B98A-5DC57065F1D3}.Debug|Any CPU.Build.0 = Debug|Any CPU
		{C992D96C-F0CF-44D0-B98A-5DC57065F1D3}.Release|Any CPU.ActiveCfg = Release|Any CPU
		{C992D96C-F0CF-44D0-B98A-5DC57065F1D3}.Release|Any CPU.Build.0 = Release|Any CPU
	EndGlobalSection
	GlobalSection(SolutionProperties) = preSolution
		HideSolutionNode = FALSE
	EndGlobalSection
	GlobalSection(ExtensibilityGlobals) = postSolution
		SolutionGuid = {22538A40-5E4B-441F-BA48-73C4A361A5E1}
	EndGlobalSection
EndGlobal
